
Microsoft Visual Studio Solution File, Format Version 12.00
# Visual Studio Version 17
VisualStudioVersion = 17.9.34723.18
MinimumVisualStudioVersion = 10.0.40219.1
Project("{2150E333-8FDC-42A3-9474-1A3956D46DE8}") = "Basket", "Basket", "{6E9EA66C-7479-40FC-A89C-F3146F90EE76}"
EndProject
Project("{2150E333-8FDC-42A3-9474-1A3956D46DE8}") = "Catalog", "Catalog", "{C1F6ECE0-2B77-4AA9-8C93-004C3B212FB5}"
EndProject
Project("{2150E333-8FDC-42A3-9474-1A3956D46DE8}") = "EventBusHandler", "EventBusHandler", "{1E3B4F3A-0AF4-415D-9EC7-DEE81161982E}"
EndProject
Project("{2150E333-8FDC-42A3-9474-1A3956D46DE8}") = "Gateway", "Gateway", "{58FDDF06-C791-437C-975B-081535A6BF08}"
EndProject
Project("{2150E333-8FDC-42A3-9474-1A3956D46DE8}") = "Identity", "Identity", "{8BB73D6E-0584-4BEE-9596-D7967B6C04A1}"
EndProject
Project("{2150E333-8FDC-42A3-9474-1A3956D46DE8}") = "Ordering", "Ordering", "{97AC16B3-7D77-4462-B2EC-62A62F7A658E}"
EndProject
Project("{9A19103F-16F7-4668-BE54-9A1E7A4F7556}") = "CatalogApi", "CatalogApi\CatalogApi.csproj", "{CC293A67-0267-4D3A-A7CE-B1FB986218C0}"
EndProject
Project("{E53339B2-1760-4266-BCC7-CA923CBCF16C}") = "docker-compose", "docker-compose.dcproj", "{78C71272-AA34-46C0-ADCA-5486F5C3B43D}"
EndProject
Project("{2150E333-8FDC-42A3-9474-1A3956D46DE8}") = "MISC", "MISC", "{E6A8A072-8ADF-4F51-9F4B-524111A60DEE}"
EndProject
Project("{9A19103F-16F7-4668-BE54-9A1E7A4F7556}") = "BasketApi", "BasketApi\BasketApi.csproj", "{5F28F7FA-7630-451E-9457-750BDCBA48E0}"
EndProject
Project("{9A19103F-16F7-4668-BE54-9A1E7A4F7556}") = "SmartSpan", "SmartSpan\SmartSpan.csproj", "{04FF86E0-6F0A-42B7-A8F5-CA661D2D000D}"
EndProject
Project("{9A19103F-16F7-4668-BE54-9A1E7A4F7556}") = "TaskAsync", "TaskAsync\TaskAsync.csproj", "{1731020E-87A5-4A5B-993D-06246CC95E4F}"
EndProject
Project("{2150E333-8FDC-42A3-9474-1A3956D46DE8}") = "Core", "Core", "{9B59BEBE-B0DB-405A-83C2-CBCAF9C339EF}"
EndProject
Project("{2150E333-8FDC-42A3-9474-1A3956D46DE8}") = "Services", "Services", "{2A3F746E-F7EF-4626-9E72-318B3213E37B}"
EndProject
Project("{2150E333-8FDC-42A3-9474-1A3956D46DE8}") = "Test", "Test", "{5E0D1E62-A088-40B0-A82E-63DAA65CF26B}"
EndProject
Project("{FAE04EC0-301F-11D3-BF4B-00C04F79EFBC}") = "Ordering.Domain", "Ordering.Domain\Ordering.Domain.csproj", "{7197059C-F759-45A1-AE31-E5D42FB30E67}"
EndProject
Project("{FAE04EC0-301F-11D3-BF4B-00C04F79EFBC}") = "Ordering.Infrastructure", "Ordering.Infrastructure\Ordering.Infrastructure.csproj", "{26F062AC-071C-46E3-9700-680F02096C21}"
EndProject
Project("{FAE04EC0-301F-11D3-BF4B-00C04F79EFBC}") = "Ordering.Application", "Ordering.Application\Ordering.Application.csproj", "{8E187AA6-6E01-4F20-9362-B89EC87B4AF4}"
EndProject
Project("{FAE04EC0-301F-11D3-BF4B-00C04F79EFBC}") = "Ordering.Api", "Ordering.Api\Ordering.Api.csproj", "{DCA0BFEE-4DE9-416B-8B81-81CA0DE94EBA}"
EndProject
Project("{FAE04EC0-301F-11D3-BF4B-00C04F79EFBC}") = "Ordering.Test", "Ordering.Test\Ordering.Test.csproj", "{CAB22F5A-956B-4979-A75C-0F5996C67CCB}"
EndProject
Project("{FAE04EC0-301F-11D3-BF4B-00C04F79EFBC}") = "GenericsFunc", "GenericsFunc\GenericsFunc.csproj", "{A525D8F4-C818-4662-8DE6-228CF0BC7D5F}"
EndProject
Project("{FAE04EC0-301F-11D3-BF4B-00C04F79EFBC}") = "ExtensionMethods", "Extensions\ExtensionMethods\ExtensionMethods.csproj", "{7C392EE4-763F-4F33-A2DA-3A4BA8FE3DE0}"
EndProject
Global
	GlobalSection(SolutionConfigurationPlatforms) = preSolution
		Debug|Any CPU = Debug|Any CPU
		Release|Any CPU = Release|Any CPU
		Tester|Any CPU = Tester|Any CPU
	EndGlobalSection
	GlobalSection(ProjectConfigurationPlatforms) = postSolution
		{CC293A67-0267-4D3A-A7CE-B1FB986218C0}.Debug|Any CPU.ActiveCfg = Debug|Any CPU
		{CC293A67-0267-4D3A-A7CE-B1FB986218C0}.Debug|Any CPU.Build.0 = Debug|Any CPU
		{CC293A67-0267-4D3A-A7CE-B1FB986218C0}.Release|Any CPU.ActiveCfg = Release|Any CPU
		{CC293A67-0267-4D3A-A7CE-B1FB986218C0}.Release|Any CPU.Build.0 = Release|Any CPU
		{CC293A67-0267-4D3A-A7CE-B1FB986218C0}.Tester|Any CPU.ActiveCfg = Tester|Any CPU
		{CC293A67-0267-4D3A-A7CE-B1FB986218C0}.Tester|Any CPU.Build.0 = Tester|Any CPU
		{78C71272-AA34-46C0-ADCA-5486F5C3B43D}.Debug|Any CPU.ActiveCfg = Debug|Any CPU
		{78C71272-AA34-46C0-ADCA-5486F5C3B43D}.Debug|Any CPU.Build.0 = Debug|Any CPU
		{78C71272-AA34-46C0-ADCA-5486F5C3B43D}.Release|Any CPU.ActiveCfg = Release|Any CPU
		{78C71272-AA34-46C0-ADCA-5486F5C3B43D}.Release|Any CPU.Build.0 = Release|Any CPU
		{78C71272-AA34-46C0-ADCA-5486F5C3B43D}.Tester|Any CPU.ActiveCfg = Release|Any CPU
		{78C71272-AA34-46C0-ADCA-5486F5C3B43D}.Tester|Any CPU.Build.0 = Release|Any CPU
		{5F28F7FA-7630-451E-9457-750BDCBA48E0}.Debug|Any CPU.ActiveCfg = Debug|Any CPU
		{5F28F7FA-7630-451E-9457-750BDCBA48E0}.Debug|Any CPU.Build.0 = Debug|Any CPU
		{5F28F7FA-7630-451E-9457-750BDCBA48E0}.Release|Any CPU.ActiveCfg = Release|Any CPU
		{5F28F7FA-7630-451E-9457-750BDCBA48E0}.Release|Any CPU.Build.0 = Release|Any CPU
		{5F28F7FA-7630-451E-9457-750BDCBA48E0}.Tester|Any CPU.ActiveCfg = Debug|Any CPU
		{5F28F7FA-7630-451E-9457-750BDCBA48E0}.Tester|Any CPU.Build.0 = Debug|Any CPU
		{04FF86E0-6F0A-42B7-A8F5-CA661D2D000D}.Debug|Any CPU.ActiveCfg = Debug|Any CPU
		{04FF86E0-6F0A-42B7-A8F5-CA661D2D000D}.Debug|Any CPU.Build.0 = Debug|Any CPU
		{04FF86E0-6F0A-42B7-A8F5-CA661D2D000D}.Release|Any CPU.ActiveCfg = Release|Any CPU
		{04FF86E0-6F0A-42B7-A8F5-CA661D2D000D}.Release|Any CPU.Build.0 = Release|Any CPU
		{04FF86E0-6F0A-42B7-A8F5-CA661D2D000D}.Tester|Any CPU.ActiveCfg = Debug|Any CPU
		{04FF86E0-6F0A-42B7-A8F5-CA661D2D000D}.Tester|Any CPU.Build.0 = Debug|Any CPU
		{1731020E-87A5-4A5B-993D-06246CC95E4F}.Debug|Any CPU.ActiveCfg = Debug|Any CPU
		{1731020E-87A5-4A5B-993D-06246CC95E4F}.Debug|Any CPU.Build.0 = Debug|Any CPU
		{1731020E-87A5-4A5B-993D-06246CC95E4F}.Release|Any CPU.ActiveCfg = Release|Any CPU
		{1731020E-87A5-4A5B-993D-06246CC95E4F}.Release|Any CPU.Build.0 = Release|Any CPU
		{1731020E-87A5-4A5B-993D-06246CC95E4F}.Tester|Any CPU.ActiveCfg = Debug|Any CPU
		{1731020E-87A5-4A5B-993D-06246CC95E4F}.Tester|Any CPU.Build.0 = Debug|Any CPU
		{7197059C-F759-45A1-AE31-E5D42FB30E67}.Debug|Any CPU.ActiveCfg = Debug|Any CPU
		{7197059C-F759-45A1-AE31-E5D42FB30E67}.Debug|Any CPU.Build.0 = Debug|Any CPU
		{7197059C-F759-45A1-AE31-E5D42FB30E67}.Release|Any CPU.ActiveCfg = Release|Any CPU
		{7197059C-F759-45A1-AE31-E5D42FB30E67}.Release|Any CPU.Build.0 = Release|Any CPU
		{7197059C-F759-45A1-AE31-E5D42FB30E67}.Tester|Any CPU.ActiveCfg = Debug|Any CPU
		{7197059C-F759-45A1-AE31-E5D42FB30E67}.Tester|Any CPU.Build.0 = Debug|Any CPU
		{26F062AC-071C-46E3-9700-680F02096C21}.Debug|Any CPU.ActiveCfg = Debug|Any CPU
		{26F062AC-071C-46E3-9700-680F02096C21}.Debug|Any CPU.Build.0 = Debug|Any CPU
		{26F062AC-071C-46E3-9700-680F02096C21}.Release|Any CPU.ActiveCfg = Release|Any CPU
		{26F062AC-071C-46E3-9700-680F02096C21}.Release|Any CPU.Build.0 = Release|Any CPU
		{26F062AC-071C-46E3-9700-680F02096C21}.Tester|Any CPU.ActiveCfg = Debug|Any CPU
		{26F062AC-071C-46E3-9700-680F02096C21}.Tester|Any CPU.Build.0 = Debug|Any CPU
		{8E187AA6-6E01-4F20-9362-B89EC87B4AF4}.Debug|Any CPU.ActiveCfg = Debug|Any CPU
		{8E187AA6-6E01-4F20-9362-B89EC87B4AF4}.Debug|Any CPU.Build.0 = Debug|Any CPU
		{8E187AA6-6E01-4F20-9362-B89EC87B4AF4}.Release|Any CPU.ActiveCfg = Release|Any CPU
		{8E187AA6-6E01-4F20-9362-B89EC87B4AF4}.Release|Any CPU.Build.0 = Release|Any CPU
		{8E187AA6-6E01-4F20-9362-B89EC87B4AF4}.Tester|Any CPU.ActiveCfg = Debug|Any CPU
		{8E187AA6-6E01-4F20-9362-B89EC87B4AF4}.Tester|Any CPU.Build.0 = Debug|Any CPU
		{DCA0BFEE-4DE9-416B-8B81-81CA0DE94EBA}.Debug|Any CPU.ActiveCfg = Debug|Any CPU
		{DCA0BFEE-4DE9-416B-8B81-81CA0DE94EBA}.Debug|Any CPU.Build.0 = Debug|Any CPU
		{DCA0BFEE-4DE9-416B-8B81-81CA0DE94EBA}.Release|Any CPU.ActiveCfg = Release|Any CPU
		{DCA0BFEE-4DE9-416B-8B81-81CA0DE94EBA}.Release|Any CPU.Build.0 = Release|Any CPU
		{DCA0BFEE-4DE9-416B-8B81-81CA0DE94EBA}.Tester|Any CPU.ActiveCfg = Debug|Any CPU
		{DCA0BFEE-4DE9-416B-8B81-81CA0DE94EBA}.Tester|Any CPU.Build.0 = Debug|Any CPU
		{CAB22F5A-956B-4979-A75C-0F5996C67CCB}.Debug|Any CPU.ActiveCfg = Debug|Any CPU
		{CAB22F5A-956B-4979-A75C-0F5996C67CCB}.Debug|Any CPU.Build.0 = Debug|Any CPU
		{CAB22F5A-956B-4979-A75C-0F5996C67CCB}.Release|Any CPU.ActiveCfg = Release|Any CPU
		{CAB22F5A-956B-4979-A75C-0F5996C67CCB}.Release|Any CPU.Build.0 = Release|Any CPU
		{CAB22F5A-956B-4979-A75C-0F5996C67CCB}.Tester|Any CPU.ActiveCfg = Debug|Any CPU
		{CAB22F5A-956B-4979-A75C-0F5996C67CCB}.Tester|Any CPU.Build.0 = Debug|Any CPU
		{A525D8F4-C818-4662-8DE6-228CF0BC7D5F}.Debug|Any CPU.ActiveCfg = Debug|Any CPU
		{A525D8F4-C818-4662-8DE6-228CF0BC7D5F}.Debug|Any CPU.Build.0 = Debug|Any CPU
		{A525D8F4-C818-4662-8DE6-228CF0BC7D5F}.Release|Any CPU.ActiveCfg = Release|Any CPU
		{A525D8F4-C818-4662-8DE6-228CF0BC7D5F}.Release|Any CPU.Build.0 = Release|Any CPU
		{A525D8F4-C818-4662-8DE6-228CF0BC7D5F}.Tester|Any CPU.ActiveCfg = Debug|Any CPU
		{A525D8F4-C818-4662-8DE6-228CF0BC7D5F}.Tester|Any CPU.Build.0 = Debug|Any CPU
		{7C392EE4-763F-4F33-A2DA-3A4BA8FE3DE0}.Debug|Any CPU.ActiveCfg = Debug|Any CPU
		{7C392EE4-763F-4F33-A2DA-3A4BA8FE3DE0}.Debug|Any CPU.Build.0 = Debug|Any CPU
		{7C392EE4-763F-4F33-A2DA-3A4BA8FE3DE0}.Release|Any CPU.ActiveCfg = Release|Any CPU
		{7C392EE4-763F-4F33-A2DA-3A4BA8FE3DE0}.Release|Any CPU.Build.0 = Release|Any CPU
		{7C392EE4-763F-4F33-A2DA-3A4BA8FE3DE0}.Tester|Any CPU.ActiveCfg = Debug|Any CPU
		{7C392EE4-763F-4F33-A2DA-3A4BA8FE3DE0}.Tester|Any CPU.Build.0 = Debug|Any CPU
	EndGlobalSection
	GlobalSection(SolutionProperties) = preSolution
		HideSolutionNode = FALSE
	EndGlobalSection
	GlobalSection(NestedProjects) = preSolution
		{CC293A67-0267-4D3A-A7CE-B1FB986218C0} = {C1F6ECE0-2B77-4AA9-8C93-004C3B212FB5}
		{5F28F7FA-7630-451E-9457-750BDCBA48E0} = {6E9EA66C-7479-40FC-A89C-F3146F90EE76}
		{04FF86E0-6F0A-42B7-A8F5-CA661D2D000D} = {E6A8A072-8ADF-4F51-9F4B-524111A60DEE}
		{1731020E-87A5-4A5B-993D-06246CC95E4F} = {E6A8A072-8ADF-4F51-9F4B-524111A60DEE}
		{9B59BEBE-B0DB-405A-83C2-CBCAF9C339EF} = {97AC16B3-7D77-4462-B2EC-62A62F7A658E}
		{2A3F746E-F7EF-4626-9E72-318B3213E37B} = {97AC16B3-7D77-4462-B2EC-62A62F7A658E}
		{5E0D1E62-A088-40B0-A82E-63DAA65CF26B} = {97AC16B3-7D77-4462-B2EC-62A62F7A658E}
		{7197059C-F759-45A1-AE31-E5D42FB30E67} = {9B59BEBE-B0DB-405A-83C2-CBCAF9C339EF}
		{26F062AC-071C-46E3-9700-680F02096C21} = {9B59BEBE-B0DB-405A-83C2-CBCAF9C339EF}
		{8E187AA6-6E01-4F20-9362-B89EC87B4AF4} = {9B59BEBE-B0DB-405A-83C2-CBCAF9C339EF}
		{DCA0BFEE-4DE9-416B-8B81-81CA0DE94EBA} = {2A3F746E-F7EF-4626-9E72-318B3213E37B}
		{CAB22F5A-956B-4979-A75C-0F5996C67CCB} = {5E0D1E62-A088-40B0-A82E-63DAA65CF26B}
		{A525D8F4-C818-4662-8DE6-228CF0BC7D5F} = {E6A8A072-8ADF-4F51-9F4B-524111A60DEE}
		{7C392EE4-763F-4F33-A2DA-3A4BA8FE3DE0} = {E6A8A072-8ADF-4F51-9F4B-524111A60DEE}
	EndGlobalSection
	GlobalSection(ExtensibilityGlobals) = postSolution
		SolutionGuid = {D58DF0BC-E36C-4B2C-83EF-AA45E3B7DEAF}
	EndGlobalSection
EndGlobal
